
Microsoft Visual Studio Solution File, Format Version 12.00
# Visual Studio 15
VisualStudioVersion = 15.0.28307.421
MinimumVisualStudioVersion = 10.0.40219.1
Project("{FAE04EC0-301F-11D3-BF4B-00C04F79EFBC}") = "hlsl_v4_compiler", "hlsl_v4_compiler\hlsl_v4_compiler.csproj", "{8BD4DE21-06F9-4B10-947C-6200DE9F5089}"
EndProject
Global
	GlobalSection(SolutionConfigurationPlatforms) = preSolution
		Debug|Any CPU = Debug|Any CPU
		Release|Any CPU = Release|Any CPU
	EndGlobalSection
	GlobalSection(ProjectConfigurationPlatforms) = postSolution
		{8BD4DE21-06F9-4B10-947C-6200DE9F5089}.Debug|Any CPU.ActiveCfg = Debug|Any CPU
		{8BD4DE21-06F9-4B10-947C-6200DE9F5089}.Debug|Any CPU.Build.0 = Debug|Any CPU
		{8BD4DE21-06F9-4B10-947C-6200DE9F5089}.Release|Any CPU.ActiveCfg = Release|Any CPU
		{8BD4DE21-06F9-4B10-947C-6200DE9F5089}.Release|Any CPU.Build.0 = Release|Any CPU
	EndGlobalSection
	GlobalSection(SolutionProperties) = preSolution
		HideSolutionNode = FALSE
	EndGlobalSection
	GlobalSection(ExtensibilityGlobals) = postSolution
		SolutionGuid = {D94EFD93-492A-4450-938B-E8A71FAF9753}
	EndGlobalSection
EndGlobal
